{
  "name": "Wed-TCP-task",
  "version": "1.0.0",
  "lockfileVersion": 1,
  "requires": true,
  "dependencies": {
    "bluebird": {
      "version": "3.7.2",
      "resolved": "https://registry.npmjs.org/bluebird/-/bluebird-3.7.2.tgz",
      "integrity": "sha512-XpNj6GDQzdfW+r2Wnn7xiSAd7TM3jzkxGXBGTtWKuSXv1xUV+azxAm8jdWZN06QTQk+2N2XB9jRDkvbmQmcRtg=="
    },
    "telnet-client": {
      "version": "1.2.11",
      "resolved": "https://registry.npmjs.org/telnet-client/-/telnet-client-1.2.11.tgz",
      "integrity": "sha512-VnYhIAVrqYY/0ezP+0gMyd0OaUdPILfni6xnsz3rGbgnCW52sYpuE34OR2suDb8LUqzz/Sko+//JiDDvH7X/bQ==",
      "requires": {
        "bluebird": "^3.5.4"
      }
    }
  }
}
